
Microsoft Visual Studio Solution File, Format Version 12.00
# Visual Studio Version 16
VisualStudioVersion = 16.0.30225.117
MinimumVisualStudioVersion = 10.0.40219.1
Project("{FAE04EC0-301F-11D3-BF4B-00C04F79EFBC}") = "HandsOnLinq", "HandsOnLinq\HandsOnLinq.csproj", "{94275447-062E-4587-BB4A-AAAE421A94FC}"
EndProject
Global
	GlobalSection(SolutionConfigurationPlatforms) = preSolution
		Debug|Any CPU = Debug|Any CPU
		Release|Any CPU = Release|Any CPU
	EndGlobalSection
	GlobalSection(ProjectConfigurationPlatforms) = postSolution
		{94275447-062E-4587-BB4A-AAAE421A94FC}.Debug|Any CPU.ActiveCfg = Debug|Any CPU
		{94275447-062E-4587-BB4A-AAAE421A94FC}.Debug|Any CPU.Build.0 = Debug|Any CPU
		{94275447-062E-4587-BB4A-AAAE421A94FC}.Release|Any CPU.ActiveCfg = Release|Any CPU
		{94275447-062E-4587-BB4A-AAAE421A94FC}.Release|Any CPU.Build.0 = Release|Any CPU
	EndGlobalSection
	GlobalSection(SolutionProperties) = preSolution
		HideSolutionNode = FALSE
	EndGlobalSection
	GlobalSection(ExtensibilityGlobals) = postSolution
		SolutionGuid = {DCC22A7D-B590-4F4C-B945-7195174373A2}
	EndGlobalSection
EndGlobal
