
Microsoft Visual Studio Solution File, Format Version 12.00
# Visual Studio Version 16
VisualStudioVersion = 16.0.30225.117
MinimumVisualStudioVersion = 10.0.40219.1
Project("{FAE04EC0-301F-11D3-BF4B-00C04F79EFBC}") = "SampleAPP", "SampleAPP\SampleAPP.csproj", "{6DF03998-CEA8-46CC-9E2A-5E500531119C}"
EndProject
Global
	GlobalSection(SolutionConfigurationPlatforms) = preSolution
		Debug|Any CPU = Debug|Any CPU
		Release|Any CPU = Release|Any CPU
	EndGlobalSection
	GlobalSection(ProjectConfigurationPlatforms) = postSolution
		{6DF03998-CEA8-46CC-9E2A-5E500531119C}.Debug|Any CPU.ActiveCfg = Debug|Any CPU
		{6DF03998-CEA8-46CC-9E2A-5E500531119C}.Debug|Any CPU.Build.0 = Debug|Any CPU
		{6DF03998-CEA8-46CC-9E2A-5E500531119C}.Release|Any CPU.ActiveCfg = Release|Any CPU
		{6DF03998-CEA8-46CC-9E2A-5E500531119C}.Release|Any CPU.Build.0 = Release|Any CPU
	EndGlobalSection
	GlobalSection(SolutionProperties) = preSolution
		HideSolutionNode = FALSE
	EndGlobalSection
	GlobalSection(ExtensibilityGlobals) = postSolution
		SolutionGuid = {46DB1162-7C64-43C7-8221-6A2F5C26740D}
	EndGlobalSection
EndGlobal
